<?xml version="1.0" encoding="utf-8"?>
<Project ToolsVersion="15.0" xmlns="http://schemas.microsoft.com/developer/msbuild/2003">
  <ItemGroup>
    <Filter Include="Build">
      <UniqueIdentifier>{09f821fa-4bd1-3aae-b6c1-53b81762be35}</UniqueIdentifier>
      <Extensions>nact;props;targets</Extensions>
    </Filter>
    <Filter Include="Header Files">
      <UniqueIdentifier>{5ff1d226-9b9e-302e-b146-7b2eebb5f9ac}</UniqueIdentifier>
      <Extensions>h;hpp;hxx;hm;inl;inc;xsd</Extensions>
    </Filter>
    <Filter Include="Resource Files">
      <UniqueIdentifier>{bb9301ba-c05c-38b4-9f37-287688d56ddf}</UniqueIdentifier>
      <Extensions>rc;ico;cur;bmp;dlg;rc2;rct;bin;rgs;gif;jpg;jpeg;jpe;resx;tiff;tif;png;wav;mfcribbon-ms</Extensions>
    </Filter>
    <Filter Include="Shader Files">
      <UniqueIdentifier>{d3458047-8417-3841-b89c-02df0f4987fd}</UniqueIdentifier>
      <Extensions>gsh;csh;vsh;psh;fsh;glsl;hlsl</Extensions>
    </Filter>
    <Filter Include="Source Files">
      <UniqueIdentifier>{6fa7b939-61b5-32ff-92fa-7930b39b923b}</UniqueIdentifier>
      <Extensions>cpp;c;cc;cxx;def;odl;idl;hpj;bat;asm;asmx</Extensions>
    </Filter>
  </ItemGroup>
  <ItemGroup>
    <ClCompile Include="MiiHeadwearExample.cpp">
      <Filter>Source Files</Filter>
    </ClCompile>
    <ClCompile Include="SixAxisPointer.cpp">
      <Filter>Source Files</Filter>
    </ClCompile>
  </ItemGroup>
  <ItemGroup>
    <ClInclude Include="SixAxis.h">
      <Filter>Header Files</Filter>
    </ClInclude>
    <ClInclude Include="SixAxisPointer.h">
      <Filter>Header Files</Filter>
    </ClInclude>
  </ItemGroup>
</Project>